
Microsoft Visual Studio Solution File, Format Version 10.00
# Visual Studio 2008
Project("{FAE04EC0-301F-11D3-BF4B-00C04F79EFBC}") = "Interface", "Interface\Interface.csproj", "{057D8BA7-9713-431D-8964-D4CB450E78B8}"
	ProjectSection(ProjectDependencies) = postProject
		{1B912413-6ACE-43E5-843F-876F6E45841B} = {1B912413-6ACE-43E5-843F-876F6E45841B}
		{65A4E938-249F-4A58-9458-8E7D112F1BC3} = {65A4E938-249F-4A58-9458-8E7D112F1BC3}
		{8EAF2E4C-AA3B-4353-B7A0-1A062C64E72F} = {8EAF2E4C-AA3B-4353-B7A0-1A062C64E72F}
		{4E3354A9-3967-4FE3-9686-289727890BC7} = {4E3354A9-3967-4FE3-9686-289727890BC7}
		{6AA193BE-98A6-4EB5-BA26-D5DB75B154AA} = {6AA193BE-98A6-4EB5-BA26-D5DB75B154AA}
		{87F915D3-9641-4DE8-B418-CF5BD64FF90D} = {87F915D3-9641-4DE8-B418-CF5BD64FF90D}
	EndProjectSection
EndProject
Project("{FAE04EC0-301F-11D3-BF4B-00C04F79EFBC}") = "Calculator", "Calculator\Calculator.csproj", "{4E3354A9-3967-4FE3-9686-289727890BC7}"
EndProject
Project("{FAE04EC0-301F-11D3-BF4B-00C04F79EFBC}") = "WebSearch", "WebSearch\WebSearch.csproj", "{8EAF2E4C-AA3B-4353-B7A0-1A062C64E72F}"
EndProject
Project("{FAE04EC0-301F-11D3-BF4B-00C04F79EFBC}") = "FileContentIndexer", "FileContentIndexer\FileContentIndexer.csproj", "{1B912413-6ACE-43E5-843F-876F6E45841B}"
EndProject
Project("{FAE04EC0-301F-11D3-BF4B-00C04F79EFBC}") = "MusicFileTagIndexer", "MusicFileTagIndexer\MusicFileTagIndexer.csproj", "{65A4E938-249F-4A58-9458-8E7D112F1BC3}"
EndProject
Project("{54435603-DBB4-11D2-8724-00A0C9A8B90C}") = "Installer", "Installer\Installer.vdproj", "{BB268EEE-9B27-439A-ACC1-E2DCCA3B311F}"
	ProjectSection(ProjectDependencies) = postProject
		{057D8BA7-9713-431D-8964-D4CB450E78B8} = {057D8BA7-9713-431D-8964-D4CB450E78B8}
		{BA7C46A8-A16A-4382-86F9-C1A1395FA2E4} = {BA7C46A8-A16A-4382-86F9-C1A1395FA2E4}
	EndProjectSection
EndProject
Project("{FAE04EC0-301F-11D3-BF4B-00C04F79EFBC}") = "Configurator", "Configurator\Configurator.csproj", "{1E842C5E-9B48-48F7-9C87-927ADD3807B1}"
EndProject
Project("{FAE04EC0-301F-11D3-BF4B-00C04F79EFBC}") = "InstallerCustomActions", "InstallerCustomActions\InstallerCustomActions.csproj", "{BA7C46A8-A16A-4382-86F9-C1A1395FA2E4}"
EndProject
Project("{FAE04EC0-301F-11D3-BF4B-00C04F79EFBC}") = "SystemCore", "SystemCore\SystemCore.csproj", "{CF005F91-D831-4643-AB04-2B6BDDA7C3A3}"
EndProject
Project("{FAE04EC0-301F-11D3-BF4B-00C04F79EFBC}") = "EmailSender", "EmailSender\EmailSender.csproj", "{B576B5BE-6AD7-4EF1-9028-52FE662BA8DB}"
EndProject
Project("{FAE04EC0-301F-11D3-BF4B-00C04F79EFBC}") = "Prompt", "Prompt\Prompt.csproj", "{982CE971-30E7-4486-97B1-8556C2115C42}"
EndProject
Project("{FAE04EC0-301F-11D3-BF4B-00C04F79EFBC}") = "ContextLib", "ContextLib\ContextLib.csproj", "{80E8CF2C-F505-42F1-88A8-3AA019C0BC73}"
EndProject
Project("{FAE04EC0-301F-11D3-BF4B-00C04F79EFBC}") = "TextTools", "TextTools\TextTools.csproj", "{FC6FDE28-86F9-4FB7-9F9B-AB1BF855DB76}"
EndProject
Project("{FAE04EC0-301F-11D3-BF4B-00C04F79EFBC}") = "BlazeIndexer", "BlazeIndexer\BlazeIndexer.csproj", "{6AA193BE-98A6-4EB5-BA26-D5DB75B154AA}"
EndProject
Project("{FAE04EC0-301F-11D3-BF4B-00C04F79EFBC}") = "Gma.UserActivityMonitor", "Gma.UserActivityMonitor\Gma.UserActivityMonitor.csproj", "{F52AA97E-180A-40ED-8F2B-09080171D6C7}"
EndProject
Project("{FAE04EC0-301F-11D3-BF4B-00C04F79EFBC}") = "BlazeUpdater", "BlazeUpdater\BlazeUpdater.csproj", "{87F915D3-9641-4DE8-B418-CF5BD64FF90D}"
EndProject
Project("{FAE04EC0-301F-11D3-BF4B-00C04F79EFBC}") = "Putty", "Putty\Putty.csproj", "{0C22CD17-C781-4CF9-871D-9606AF72B56D}"
EndProject
Project("{FAE04EC0-301F-11D3-BF4B-00C04F79EFBC}") = "IronPythonPlugins", "IronPythonPlugins\IronPythonPlugins.csproj", "{43E4BF39-09D9-4801-8C14-ABE32105C1C0}"
EndProject
Global
	GlobalSection(SolutionConfigurationPlatforms) = preSolution
		Debug|Any CPU = Debug|Any CPU
		Debug|Mixed Platforms = Debug|Mixed Platforms
		Debug|Win32 = Debug|Win32
		Debug|x64 = Debug|x64
		Debug|x86 = Debug|x86
		Release|Any CPU = Release|Any CPU
		Release|Mixed Platforms = Release|Mixed Platforms
		Release|Win32 = Release|Win32
		Release|x64 = Release|x64
		Release|x86 = Release|x86
	EndGlobalSection
	GlobalSection(ProjectConfigurationPlatforms) = postSolution
		{057D8BA7-9713-431D-8964-D4CB450E78B8}.Debug|Any CPU.ActiveCfg = Debug|Any CPU
		{057D8BA7-9713-431D-8964-D4CB450E78B8}.Debug|Any CPU.Build.0 = Debug|Any CPU
		{057D8BA7-9713-431D-8964-D4CB450E78B8}.Debug|Mixed Platforms.ActiveCfg = Debug|Any CPU
		{057D8BA7-9713-431D-8964-D4CB450E78B8}.Debug|Mixed Platforms.Build.0 = Debug|Any CPU
		{057D8BA7-9713-431D-8964-D4CB450E78B8}.Debug|Win32.ActiveCfg = Debug|Any CPU
		{057D8BA7-9713-431D-8964-D4CB450E78B8}.Debug|x64.ActiveCfg = Debug|x64
		{057D8BA7-9713-431D-8964-D4CB450E78B8}.Debug|x64.Build.0 = Debug|x64
		{057D8BA7-9713-431D-8964-D4CB450E78B8}.Debug|x86.ActiveCfg = Debug|x86
		{057D8BA7-9713-431D-8964-D4CB450E78B8}.Debug|x86.Build.0 = Debug|x86
		{057D8BA7-9713-431D-8964-D4CB450E78B8}.Release|Any CPU.ActiveCfg = Release|Any CPU
		{057D8BA7-9713-431D-8964-D4CB450E78B8}.Release|Any CPU.Build.0 = Release|Any CPU
		{057D8BA7-9713-431D-8964-D4CB450E78B8}.Release|Mixed Platforms.ActiveCfg = Release|Any CPU
		{057D8BA7-9713-431D-8964-D4CB450E78B8}.Release|Mixed Platforms.Build.0 = Release|Any CPU
		{057D8BA7-9713-431D-8964-D4CB450E78B8}.Release|Win32.ActiveCfg = Release|Any CPU
		{057D8BA7-9713-431D-8964-D4CB450E78B8}.Release|x64.ActiveCfg = Release|x64
		{057D8BA7-9713-431D-8964-D4CB450E78B8}.Release|x64.Build.0 = Release|x64
		{057D8BA7-9713-431D-8964-D4CB450E78B8}.Release|x86.ActiveCfg = Release|x86
		{057D8BA7-9713-431D-8964-D4CB450E78B8}.Release|x86.Build.0 = Release|x86
		{4E3354A9-3967-4FE3-9686-289727890BC7}.Debug|Any CPU.ActiveCfg = Debug|Any CPU
		{4E3354A9-3967-4FE3-9686-289727890BC7}.Debug|Any CPU.Build.0 = Debug|Any CPU
		{4E3354A9-3967-4FE3-9686-289727890BC7}.Debug|Mixed Platforms.ActiveCfg = Debug|Any CPU
		{4E3354A9-3967-4FE3-9686-289727890BC7}.Debug|Mixed Platforms.Build.0 = Debug|Any CPU
		{4E3354A9-3967-4FE3-9686-289727890BC7}.Debug|Win32.ActiveCfg = Debug|Any CPU
		{4E3354A9-3967-4FE3-9686-289727890BC7}.Debug|x64.ActiveCfg = Debug|x64
		{4E3354A9-3967-4FE3-9686-289727890BC7}.Debug|x64.Build.0 = Debug|x64
		{4E3354A9-3967-4FE3-9686-289727890BC7}.Debug|x86.ActiveCfg = Debug|x86
		{4E3354A9-3967-4FE3-9686-289727890BC7}.Debug|x86.Build.0 = Debug|x86
		{4E3354A9-3967-4FE3-9686-289727890BC7}.Release|Any CPU.ActiveCfg = Release|Any CPU
		{4E3354A9-3967-4FE3-9686-289727890BC7}.Release|Any CPU.Build.0 = Release|Any CPU
		{4E3354A9-3967-4FE3-9686-289727890BC7}.Release|Mixed Platforms.ActiveCfg = Release|Any CPU
		{4E3354A9-3967-4FE3-9686-289727890BC7}.Release|Mixed Platforms.Build.0 = Release|Any CPU
		{4E3354A9-3967-4FE3-9686-289727890BC7}.Release|Win32.ActiveCfg = Release|Any CPU
		{4E3354A9-3967-4FE3-9686-289727890BC7}.Release|x64.ActiveCfg = Release|x64
		{4E3354A9-3967-4FE3-9686-289727890BC7}.Release|x64.Build.0 = Release|x64
		{4E3354A9-3967-4FE3-9686-289727890BC7}.Release|x86.ActiveCfg = Release|x86
		{4E3354A9-3967-4FE3-9686-289727890BC7}.Release|x86.Build.0 = Release|x86
		{8EAF2E4C-AA3B-4353-B7A0-1A062C64E72F}.Debug|Any CPU.ActiveCfg = Debug|Any CPU
		{8EAF2E4C-AA3B-4353-B7A0-1A062C64E72F}.Debug|Any CPU.Build.0 = Debug|Any CPU
		{8EAF2E4C-AA3B-4353-B7A0-1A062C64E72F}.Debug|Mixed Platforms.ActiveCfg = Debug|Any CPU
		{8EAF2E4C-AA3B-4353-B7A0-1A062C64E72F}.Debug|Mixed Platforms.Build.0 = Debug|Any CPU
		{8EAF2E4C-AA3B-4353-B7A0-1A062C64E72F}.Debug|Win32.ActiveCfg = Debug|Any CPU
		{8EAF2E4C-AA3B-4353-B7A0-1A062C64E72F}.Debug|x64.ActiveCfg = Debug|x64
		{8EAF2E4C-AA3B-4353-B7A0-1A062C64E72F}.Debug|x64.Build.0 = Debug|x64
		{8EAF2E4C-AA3B-4353-B7A0-1A062C64E72F}.Debug|x86.ActiveCfg = Debug|x86
		{8EAF2E4C-AA3B-4353-B7A0-1A062C64E72F}.Debug|x86.Build.0 = Debug|x86
		{8EAF2E4C-AA3B-4353-B7A0-1A062C64E72F}.Release|Any CPU.ActiveCfg = Release|Any CPU
		{8EAF2E4C-AA3B-4353-B7A0-1A062C64E72F}.Release|Any CPU.Build.0 = Release|Any CPU
		{8EAF2E4C-AA3B-4353-B7A0-1A062C64E72F}.Release|Mixed Platforms.ActiveCfg = Release|Any CPU
		{8EAF2E4C-AA3B-4353-B7A0-1A062C64E72F}.Release|Mixed Platforms.Build.0 = Release|Any CPU
		{8EAF2E4C-AA3B-4353-B7A0-1A062C64E72F}.Release|Win32.ActiveCfg = Release|Any CPU
		{8EAF2E4C-AA3B-4353-B7A0-1A062C64E72F}.Release|x64.ActiveCfg = Release|x64
		{8EAF2E4C-AA3B-4353-B7A0-1A062C64E72F}.Release|x64.Build.0 = Release|x64
		{8EAF2E4C-AA3B-4353-B7A0-1A062C64E72F}.Release|x86.ActiveCfg = Release|x86
		{8EAF2E4C-AA3B-4353-B7A0-1A062C64E72F}.Release|x86.Build.0 = Release|x86
		{1B912413-6ACE-43E5-843F-876F6E45841B}.Debug|Any CPU.ActiveCfg = Debug|Any CPU
		{1B912413-6ACE-43E5-843F-876F6E45841B}.Debug|Any CPU.Build.0 = Debug|Any CPU
		{1B912413-6ACE-43E5-843F-876F6E45841B}.Debug|Mixed Platforms.ActiveCfg = Debug|Any CPU
		{1B912413-6ACE-43E5-843F-876F6E45841B}.Debug|Mixed Platforms.Build.0 = Debug|Any CPU
		{1B912413-6ACE-43E5-843F-876F6E45841B}.Debug|Win32.ActiveCfg = Debug|Any CPU
		{1B912413-6ACE-43E5-843F-876F6E45841B}.Debug|x64.ActiveCfg = Debug|x64
		{1B912413-6ACE-43E5-843F-876F6E45841B}.Debug|x64.Build.0 = Debug|x64
		{1B912413-6ACE-43E5-843F-876F6E45841B}.Debug|x86.ActiveCfg = Debug|x86
		{1B912413-6ACE-43E5-843F-876F6E45841B}.Debug|x86.Build.0 = Debug|x86
		{1B912413-6ACE-43E5-843F-876F6E45841B}.Release|Any CPU.ActiveCfg = Release|Any CPU
		{1B912413-6ACE-43E5-843F-876F6E45841B}.Release|Any CPU.Build.0 = Release|Any CPU
		{1B912413-6ACE-43E5-843F-876F6E45841B}.Release|Mixed Platforms.ActiveCfg = Release|Any CPU
		{1B912413-6ACE-43E5-843F-876F6E45841B}.Release|Mixed Platforms.Build.0 = Release|Any CPU
		{1B912413-6ACE-43E5-843F-876F6E45841B}.Release|Win32.ActiveCfg = Release|Any CPU
		{1B912413-6ACE-43E5-843F-876F6E45841B}.Release|x64.ActiveCfg = Release|x64
		{1B912413-6ACE-43E5-843F-876F6E45841B}.Release|x64.Build.0 = Release|x64
		{1B912413-6ACE-43E5-843F-876F6E45841B}.Release|x86.ActiveCfg = Release|x86
		{1B912413-6ACE-43E5-843F-876F6E45841B}.Release|x86.Build.0 = Release|x86
		{65A4E938-249F-4A58-9458-8E7D112F1BC3}.Debug|Any CPU.ActiveCfg = Debug|Any CPU
		{65A4E938-249F-4A58-9458-8E7D112F1BC3}.Debug|Any CPU.Build.0 = Debug|Any CPU
		{65A4E938-249F-4A58-9458-8E7D112F1BC3}.Debug|Mixed Platforms.ActiveCfg = Debug|Any CPU
		{65A4E938-249F-4A58-9458-8E7D112F1BC3}.Debug|Mixed Platforms.Build.0 = Debug|Any CPU
		{65A4E938-249F-4A58-9458-8E7D112F1BC3}.Debug|Win32.ActiveCfg = Debug|Any CPU
		{65A4E938-249F-4A58-9458-8E7D112F1BC3}.Debug|x64.ActiveCfg = Debug|x64
		{65A4E938-249F-4A58-9458-8E7D112F1BC3}.Debug|x64.Build.0 = Debug|x64
		{65A4E938-249F-4A58-9458-8E7D112F1BC3}.Debug|x86.ActiveCfg = Debug|x86
		{65A4E938-249F-4A58-9458-8E7D112F1BC3}.Debug|x86.Build.0 = Debug|x86
		{65A4E938-249F-4A58-9458-8E7D112F1BC3}.Release|Any CPU.ActiveCfg = Release|Any CPU
		{65A4E938-249F-4A58-9458-8E7D112F1BC3}.Release|Any CPU.Build.0 = Release|Any CPU
		{65A4E938-249F-4A58-9458-8E7D112F1BC3}.Release|Mixed Platforms.ActiveCfg = Release|Any CPU
		{65A4E938-249F-4A58-9458-8E7D112F1BC3}.Release|Mixed Platforms.Build.0 = Release|Any CPU
		{65A4E938-249F-4A58-9458-8E7D112F1BC3}.Release|Win32.ActiveCfg = Release|Any CPU
		{65A4E938-249F-4A58-9458-8E7D112F1BC3}.Release|x64.ActiveCfg = Release|x64
		{65A4E938-249F-4A58-9458-8E7D112F1BC3}.Release|x64.Build.0 = Release|x64
		{65A4E938-249F-4A58-9458-8E7D112F1BC3}.Release|x86.ActiveCfg = Release|x86
		{65A4E938-249F-4A58-9458-8E7D112F1BC3}.Release|x86.Build.0 = Release|x86
		{BB268EEE-9B27-439A-ACC1-E2DCCA3B311F}.Debug|Any CPU.ActiveCfg = Debug
		{BB268EEE-9B27-439A-ACC1-E2DCCA3B311F}.Debug|Mixed Platforms.ActiveCfg = Debug
		{BB268EEE-9B27-439A-ACC1-E2DCCA3B311F}.Debug|Win32.ActiveCfg = Debug
		{BB268EEE-9B27-439A-ACC1-E2DCCA3B311F}.Debug|x64.ActiveCfg = Debug
		{BB268EEE-9B27-439A-ACC1-E2DCCA3B311F}.Debug|x64.Build.0 = Debug
		{BB268EEE-9B27-439A-ACC1-E2DCCA3B311F}.Debug|x86.ActiveCfg = Debug
		{BB268EEE-9B27-439A-ACC1-E2DCCA3B311F}.Debug|x86.Build.0 = Debug
		{BB268EEE-9B27-439A-ACC1-E2DCCA3B311F}.Release|Any CPU.ActiveCfg = Release
		{BB268EEE-9B27-439A-ACC1-E2DCCA3B311F}.Release|Mixed Platforms.ActiveCfg = Release
		{BB268EEE-9B27-439A-ACC1-E2DCCA3B311F}.Release|Win32.ActiveCfg = Release
		{BB268EEE-9B27-439A-ACC1-E2DCCA3B311F}.Release|x64.ActiveCfg = Release
		{BB268EEE-9B27-439A-ACC1-E2DCCA3B311F}.Release|x64.Build.0 = Release
		{BB268EEE-9B27-439A-ACC1-E2DCCA3B311F}.Release|x86.ActiveCfg = Release
		{BB268EEE-9B27-439A-ACC1-E2DCCA3B311F}.Release|x86.Build.0 = Release
		{1E842C5E-9B48-48F7-9C87-927ADD3807B1}.Debug|Any CPU.ActiveCfg = Debug|Any CPU
		{1E842C5E-9B48-48F7-9C87-927ADD3807B1}.Debug|Any CPU.Build.0 = Debug|Any CPU
		{1E842C5E-9B48-48F7-9C87-927ADD3807B1}.Debug|Mixed Platforms.ActiveCfg = Debug|Any CPU
		{1E842C5E-9B48-48F7-9C87-927ADD3807B1}.Debug|Mixed Platforms.Build.0 = Debug|Any CPU
		{1E842C5E-9B48-48F7-9C87-927ADD3807B1}.Debug|Win32.ActiveCfg = Debug|Any CPU
		{1E842C5E-9B48-48F7-9C87-927ADD3807B1}.Debug|x64.ActiveCfg = Debug|x64
		{1E842C5E-9B48-48F7-9C87-927ADD3807B1}.Debug|x64.Build.0 = Debug|x64
		{1E842C5E-9B48-48F7-9C87-927ADD3807B1}.Debug|x86.ActiveCfg = Debug|x86
		{1E842C5E-9B48-48F7-9C87-927ADD3807B1}.Debug|x86.Build.0 = Debug|x86
		{1E842C5E-9B48-48F7-9C87-927ADD3807B1}.Release|Any CPU.ActiveCfg = Release|Any CPU
		{1E842C5E-9B48-48F7-9C87-927ADD3807B1}.Release|Any CPU.Build.0 = Release|Any CPU
		{1E842C5E-9B48-48F7-9C87-927ADD3807B1}.Release|Mixed Platforms.ActiveCfg = Release|Any CPU
		{1E842C5E-9B48-48F7-9C87-927ADD3807B1}.Release|Mixed Platforms.Build.0 = Release|Any CPU
		{1E842C5E-9B48-48F7-9C87-927ADD3807B1}.Release|Win32.ActiveCfg = Release|Any CPU
		{1E842C5E-9B48-48F7-9C87-927ADD3807B1}.Release|x64.ActiveCfg = Release|x64
		{1E842C5E-9B48-48F7-9C87-927ADD3807B1}.Release|x64.Build.0 = Release|x64
		{1E842C5E-9B48-48F7-9C87-927ADD3807B1}.Release|x86.ActiveCfg = Release|x86
		{1E842C5E-9B48-48F7-9C87-927ADD3807B1}.Release|x86.Build.0 = Release|x86
		{BA7C46A8-A16A-4382-86F9-C1A1395FA2E4}.Debug|Any CPU.ActiveCfg = Debug|Any CPU
		{BA7C46A8-A16A-4382-86F9-C1A1395FA2E4}.Debug|Any CPU.Build.0 = Debug|Any CPU
		{BA7C46A8-A16A-4382-86F9-C1A1395FA2E4}.Debug|Mixed Platforms.ActiveCfg = Debug|Any CPU
		{BA7C46A8-A16A-4382-86F9-C1A1395FA2E4}.Debug|Mixed Platforms.Build.0 = Debug|Any CPU
		{BA7C46A8-A16A-4382-86F9-C1A1395FA2E4}.Debug|Win32.ActiveCfg = Debug|Any CPU
		{BA7C46A8-A16A-4382-86F9-C1A1395FA2E4}.Debug|x64.ActiveCfg = Debug|x64
		{BA7C46A8-A16A-4382-86F9-C1A1395FA2E4}.Debug|x64.Build.0 = Debug|x64
		{BA7C46A8-A16A-4382-86F9-C1A1395FA2E4}.Debug|x86.ActiveCfg = Debug|x86
		{BA7C46A8-A16A-4382-86F9-C1A1395FA2E4}.Debug|x86.Build.0 = Debug|x86
		{BA7C46A8-A16A-4382-86F9-C1A1395FA2E4}.Release|Any CPU.ActiveCfg = Release|Any CPU
		{BA7C46A8-A16A-4382-86F9-C1A1395FA2E4}.Release|Any CPU.Build.0 = Release|Any CPU
		{BA7C46A8-A16A-4382-86F9-C1A1395FA2E4}.Release|Mixed Platforms.ActiveCfg = Release|Any CPU
		{BA7C46A8-A16A-4382-86F9-C1A1395FA2E4}.Release|Mixed Platforms.Build.0 = Release|Any CPU
		{BA7C46A8-A16A-4382-86F9-C1A1395FA2E4}.Release|Win32.ActiveCfg = Release|Any CPU
		{BA7C46A8-A16A-4382-86F9-C1A1395FA2E4}.Release|x64.ActiveCfg = Release|x64
		{BA7C46A8-A16A-4382-86F9-C1A1395FA2E4}.Release|x64.Build.0 = Release|x64
		{BA7C46A8-A16A-4382-86F9-C1A1395FA2E4}.Release|x86.ActiveCfg = Release|x86
		{BA7C46A8-A16A-4382-86F9-C1A1395FA2E4}.Release|x86.Build.0 = Release|x86
		{CF005F91-D831-4643-AB04-2B6BDDA7C3A3}.Debug|Any CPU.ActiveCfg = Debug|Any CPU
		{CF005F91-D831-4643-AB04-2B6BDDA7C3A3}.Debug|Any CPU.Build.0 = Debug|Any CPU
		{CF005F91-D831-4643-AB04-2B6BDDA7C3A3}.Debug|Mixed Platforms.ActiveCfg = Debug|Any CPU
		{CF005F91-D831-4643-AB04-2B6BDDA7C3A3}.Debug|Mixed Platforms.Build.0 = Debug|Any CPU
		{CF005F91-D831-4643-AB04-2B6BDDA7C3A3}.Debug|Win32.ActiveCfg = Debug|Any CPU
		{CF005F91-D831-4643-AB04-2B6BDDA7C3A3}.Debug|x64.ActiveCfg = Debug|x64
		{CF005F91-D831-4643-AB04-2B6BDDA7C3A3}.Debug|x64.Build.0 = Debug|x64
		{CF005F91-D831-4643-AB04-2B6BDDA7C3A3}.Debug|x86.ActiveCfg = Debug|x86
		{CF005F91-D831-4643-AB04-2B6BDDA7C3A3}.Debug|x86.Build.0 = Debug|x86
		{CF005F91-D831-4643-AB04-2B6BDDA7C3A3}.Release|Any CPU.ActiveCfg = Release|Any CPU
		{CF005F91-D831-4643-AB04-2B6BDDA7C3A3}.Release|Any CPU.Build.0 = Release|Any CPU
		{CF005F91-D831-4643-AB04-2B6BDDA7C3A3}.Release|Mixed Platforms.ActiveCfg = Release|Any CPU
		{CF005F91-D831-4643-AB04-2B6BDDA7C3A3}.Release|Mixed Platforms.Build.0 = Release|Any CPU
		{CF005F91-D831-4643-AB04-2B6BDDA7C3A3}.Release|Win32.ActiveCfg = Release|Any CPU
		{CF005F91-D831-4643-AB04-2B6BDDA7C3A3}.Release|x64.ActiveCfg = Release|x64
		{CF005F91-D831-4643-AB04-2B6BDDA7C3A3}.Release|x64.Build.0 = Release|x64
		{CF005F91-D831-4643-AB04-2B6BDDA7C3A3}.Release|x86.ActiveCfg = Release|x86
		{CF005F91-D831-4643-AB04-2B6BDDA7C3A3}.Release|x86.Build.0 = Release|x86
		{B576B5BE-6AD7-4EF1-9028-52FE662BA8DB}.Debug|Any CPU.ActiveCfg = Debug|Any CPU
		{B576B5BE-6AD7-4EF1-9028-52FE662BA8DB}.Debug|Any CPU.Build.0 = Debug|Any CPU
		{B576B5BE-6AD7-4EF1-9028-52FE662BA8DB}.Debug|Mixed Platforms.ActiveCfg = Debug|Any CPU
		{B576B5BE-6AD7-4EF1-9028-52FE662BA8DB}.Debug|Mixed Platforms.Build.0 = Debug|Any CPU
		{B576B5BE-6AD7-4EF1-9028-52FE662BA8DB}.Debug|Win32.ActiveCfg = Debug|Any CPU
		{B576B5BE-6AD7-4EF1-9028-52FE662BA8DB}.Debug|x64.ActiveCfg = Debug|x64
		{B576B5BE-6AD7-4EF1-9028-52FE662BA8DB}.Debug|x64.Build.0 = Debug|x64
		{B576B5BE-6AD7-4EF1-9028-52FE662BA8DB}.Debug|x86.ActiveCfg = Debug|x86
		{B576B5BE-6AD7-4EF1-9028-52FE662BA8DB}.Debug|x86.Build.0 = Debug|x86
		{B576B5BE-6AD7-4EF1-9028-52FE662BA8DB}.Release|Any CPU.ActiveCfg = Release|Any CPU
		{B576B5BE-6AD7-4EF1-9028-52FE662BA8DB}.Release|Any CPU.Build.0 = Release|Any CPU
		{B576B5BE-6AD7-4EF1-9028-52FE662BA8DB}.Release|Mixed Platforms.ActiveCfg = Release|Any CPU
		{B576B5BE-6AD7-4EF1-9028-52FE662BA8DB}.Release|Mixed Platforms.Build.0 = Release|Any CPU
		{B576B5BE-6AD7-4EF1-9028-52FE662BA8DB}.Release|Win32.ActiveCfg = Release|Any CPU
		{B576B5BE-6AD7-4EF1-9028-52FE662BA8DB}.Release|x64.ActiveCfg = Release|x64
		{B576B5BE-6AD7-4EF1-9028-52FE662BA8DB}.Release|x64.Build.0 = Release|x64
		{B576B5BE-6AD7-4EF1-9028-52FE662BA8DB}.Release|x86.ActiveCfg = Release|x86
		{B576B5BE-6AD7-4EF1-9028-52FE662BA8DB}.Release|x86.Build.0 = Release|x86
		{982CE971-30E7-4486-97B1-8556C2115C42}.Debug|Any CPU.ActiveCfg = Debug|Any CPU
		{982CE971-30E7-4486-97B1-8556C2115C42}.Debug|Any CPU.Build.0 = Debug|Any CPU
		{982CE971-30E7-4486-97B1-8556C2115C42}.Debug|Mixed Platforms.ActiveCfg = Debug|Any CPU
		{982CE971-30E7-4486-97B1-8556C2115C42}.Debug|Mixed Platforms.Build.0 = Debug|Any CPU
		{982CE971-30E7-4486-97B1-8556C2115C42}.Debug|Win32.ActiveCfg = Debug|Any CPU
		{982CE971-30E7-4486-97B1-8556C2115C42}.Debug|x64.ActiveCfg = Debug|x64
		{982CE971-30E7-4486-97B1-8556C2115C42}.Debug|x64.Build.0 = Debug|x64
		{982CE971-30E7-4486-97B1-8556C2115C42}.Debug|x86.ActiveCfg = Debug|x86
		{982CE971-30E7-4486-97B1-8556C2115C42}.Debug|x86.Build.0 = Debug|x86
		{982CE971-30E7-4486-97B1-8556C2115C42}.Release|Any CPU.ActiveCfg = Release|Any CPU
		{982CE971-30E7-4486-97B1-8556C2115C42}.Release|Any CPU.Build.0 = Release|Any CPU
		{982CE971-30E7-4486-97B1-8556C2115C42}.Release|Mixed Platforms.ActiveCfg = Release|Any CPU
		{982CE971-30E7-4486-97B1-8556C2115C42}.Release|Mixed Platforms.Build.0 = Release|Any CPU
		{982CE971-30E7-4486-97B1-8556C2115C42}.Release|Win32.ActiveCfg = Release|Any CPU
		{982CE971-30E7-4486-97B1-8556C2115C42}.Release|x64.ActiveCfg = Release|x64
		{982CE971-30E7-4486-97B1-8556C2115C42}.Release|x64.Build.0 = Release|x64
		{982CE971-30E7-4486-97B1-8556C2115C42}.Release|x86.ActiveCfg = Release|x86
		{982CE971-30E7-4486-97B1-8556C2115C42}.Release|x86.Build.0 = Release|x86
		{80E8CF2C-F505-42F1-88A8-3AA019C0BC73}.Debug|Any CPU.ActiveCfg = Debug|Any CPU
		{80E8CF2C-F505-42F1-88A8-3AA019C0BC73}.Debug|Any CPU.Build.0 = Debug|Any CPU
		{80E8CF2C-F505-42F1-88A8-3AA019C0BC73}.Debug|Mixed Platforms.ActiveCfg = Debug|Any CPU
		{80E8CF2C-F505-42F1-88A8-3AA019C0BC73}.Debug|Mixed Platforms.Build.0 = Debug|Any CPU
		{80E8CF2C-F505-42F1-88A8-3AA019C0BC73}.Debug|Win32.ActiveCfg = Debug|Any CPU
		{80E8CF2C-F505-42F1-88A8-3AA019C0BC73}.Debug|x64.ActiveCfg = Debug|Any CPU
		{80E8CF2C-F505-42F1-88A8-3AA019C0BC73}.Debug|x86.ActiveCfg = Debug|Any CPU
		{80E8CF2C-F505-42F1-88A8-3AA019C0BC73}.Release|Any CPU.ActiveCfg = Release|Any CPU
		{80E8CF2C-F505-42F1-88A8-3AA019C0BC73}.Release|Any CPU.Build.0 = Release|Any CPU
		{80E8CF2C-F505-42F1-88A8-3AA019C0BC73}.Release|Mixed Platforms.ActiveCfg = Release|Any CPU
		{80E8CF2C-F505-42F1-88A8-3AA019C0BC73}.Release|Mixed Platforms.Build.0 = Release|Any CPU
		{80E8CF2C-F505-42F1-88A8-3AA019C0BC73}.Release|Win32.ActiveCfg = Release|Any CPU
		{80E8CF2C-F505-42F1-88A8-3AA019C0BC73}.Release|x64.ActiveCfg = Release|Any CPU
		{80E8CF2C-F505-42F1-88A8-3AA019C0BC73}.Release|x86.ActiveCfg = Release|Any CPU
		{FC6FDE28-86F9-4FB7-9F9B-AB1BF855DB76}.Debug|Any CPU.ActiveCfg = Debug|Any CPU
		{FC6FDE28-86F9-4FB7-9F9B-AB1BF855DB76}.Debug|Any CPU.Build.0 = Debug|Any CPU
		{FC6FDE28-86F9-4FB7-9F9B-AB1BF855DB76}.Debug|Mixed Platforms.ActiveCfg = Debug|Any CPU
		{FC6FDE28-86F9-4FB7-9F9B-AB1BF855DB76}.Debug|Mixed Platforms.Build.0 = Debug|Any CPU
		{FC6FDE28-86F9-4FB7-9F9B-AB1BF855DB76}.Debug|Win32.ActiveCfg = Debug|Any CPU
		{FC6FDE28-86F9-4FB7-9F9B-AB1BF855DB76}.Debug|x64.ActiveCfg = Debug|Any CPU
		{FC6FDE28-86F9-4FB7-9F9B-AB1BF855DB76}.Debug|x86.ActiveCfg = Debug|Any CPU
		{FC6FDE28-86F9-4FB7-9F9B-AB1BF855DB76}.Release|Any CPU.ActiveCfg = Release|Any CPU
		{FC6FDE28-86F9-4FB7-9F9B-AB1BF855DB76}.Release|Any CPU.Build.0 = Release|Any CPU
		{FC6FDE28-86F9-4FB7-9F9B-AB1BF855DB76}.Release|Mixed Platforms.ActiveCfg = Release|Any CPU
		{FC6FDE28-86F9-4FB7-9F9B-AB1BF855DB76}.Release|Mixed Platforms.Build.0 = Release|Any CPU
		{FC6FDE28-86F9-4FB7-9F9B-AB1BF855DB76}.Release|Win32.ActiveCfg = Release|Any CPU
		{FC6FDE28-86F9-4FB7-9F9B-AB1BF855DB76}.Release|x64.ActiveCfg = Release|Any CPU
		{FC6FDE28-86F9-4FB7-9F9B-AB1BF855DB76}.Release|x86.ActiveCfg = Release|Any CPU
		{6AA193BE-98A6-4EB5-BA26-D5DB75B154AA}.Debug|Any CPU.ActiveCfg = Debug|Any CPU
		{6AA193BE-98A6-4EB5-BA26-D5DB75B154AA}.Debug|Any CPU.Build.0 = Debug|Any CPU
		{6AA193BE-98A6-4EB5-BA26-D5DB75B154AA}.Debug|Mixed Platforms.ActiveCfg = Debug|Any CPU
		{6AA193BE-98A6-4EB5-BA26-D5DB75B154AA}.Debug|Mixed Platforms.Build.0 = Debug|Any CPU
		{6AA193BE-98A6-4EB5-BA26-D5DB75B154AA}.Debug|Win32.ActiveCfg = Debug|Any CPU
		{6AA193BE-98A6-4EB5-BA26-D5DB75B154AA}.Debug|x64.ActiveCfg = Debug|Any CPU
		{6AA193BE-98A6-4EB5-BA26-D5DB75B154AA}.Debug|x86.ActiveCfg = Debug|Any CPU
		{6AA193BE-98A6-4EB5-BA26-D5DB75B154AA}.Release|Any CPU.ActiveCfg = Release|Any CPU
		{6AA193BE-98A6-4EB5-BA26-D5DB75B154AA}.Release|Any CPU.Build.0 = Release|Any CPU
		{6AA193BE-98A6-4EB5-BA26-D5DB75B154AA}.Release|Mixed Platforms.ActiveCfg = Release|Any CPU
		{6AA193BE-98A6-4EB5-BA26-D5DB75B154AA}.Release|Mixed Platforms.Build.0 = Release|Any CPU
		{6AA193BE-98A6-4EB5-BA26-D5DB75B154AA}.Release|Win32.ActiveCfg = Release|Any CPU
		{6AA193BE-98A6-4EB5-BA26-D5DB75B154AA}.Release|x64.ActiveCfg = Release|Any CPU
		{6AA193BE-98A6-4EB5-BA26-D5DB75B154AA}.Release|x86.ActiveCfg = Release|Any CPU
		{F52AA97E-180A-40ED-8F2B-09080171D6C7}.Debug|Any CPU.ActiveCfg = Debug|Any CPU
		{F52AA97E-180A-40ED-8F2B-09080171D6C7}.Debug|Any CPU.Build.0 = Debug|Any CPU
		{F52AA97E-180A-40ED-8F2B-09080171D6C7}.Debug|Mixed Platforms.ActiveCfg = Debug|Any CPU
		{F52AA97E-180A-40ED-8F2B-09080171D6C7}.Debug|Mixed Platforms.Build.0 = Debug|Any CPU
		{F52AA97E-180A-40ED-8F2B-09080171D6C7}.Debug|Win32.ActiveCfg = Debug|Any CPU
		{F52AA97E-180A-40ED-8F2B-09080171D6C7}.Debug|x64.ActiveCfg = Debug|Any CPU
		{F52AA97E-180A-40ED-8F2B-09080171D6C7}.Debug|x86.ActiveCfg = Debug|Any CPU
		{F52AA97E-180A-40ED-8F2B-09080171D6C7}.Release|Any CPU.ActiveCfg = Release|Any CPU
		{F52AA97E-180A-40ED-8F2B-09080171D6C7}.Release|Any CPU.Build.0 = Release|Any CPU
		{F52AA97E-180A-40ED-8F2B-09080171D6C7}.Release|Mixed Platforms.ActiveCfg = Release|Any CPU
		{F52AA97E-180A-40ED-8F2B-09080171D6C7}.Release|Mixed Platforms.Build.0 = Release|Any CPU
		{F52AA97E-180A-40ED-8F2B-09080171D6C7}.Release|Win32.ActiveCfg = Release|Any CPU
		{F52AA97E-180A-40ED-8F2B-09080171D6C7}.Release|x64.ActiveCfg = Release|Any CPU
		{F52AA97E-180A-40ED-8F2B-09080171D6C7}.Release|x86.ActiveCfg = Release|Any CPU
		{87F915D3-9641-4DE8-B418-CF5BD64FF90D}.Debug|Any CPU.ActiveCfg = Debug|Any CPU
		{87F915D3-9641-4DE8-B418-CF5BD64FF90D}.Debug|Any CPU.Build.0 = Debug|Any CPU
		{87F915D3-9641-4DE8-B418-CF5BD64FF90D}.Debug|Mixed Platforms.ActiveCfg = Debug|Any CPU
		{87F915D3-9641-4DE8-B418-CF5BD64FF90D}.Debug|Mixed Platforms.Build.0 = Debug|Any CPU
		{87F915D3-9641-4DE8-B418-CF5BD64FF90D}.Debug|Win32.ActiveCfg = Debug|Any CPU
		{87F915D3-9641-4DE8-B418-CF5BD64FF90D}.Debug|x64.ActiveCfg = Debug|Any CPU
		{87F915D3-9641-4DE8-B418-CF5BD64FF90D}.Debug|x86.ActiveCfg = Debug|Any CPU
		{87F915D3-9641-4DE8-B418-CF5BD64FF90D}.Release|Any CPU.ActiveCfg = Release|Any CPU
		{87F915D3-9641-4DE8-B418-CF5BD64FF90D}.Release|Any CPU.Build.0 = Release|Any CPU
		{87F915D3-9641-4DE8-B418-CF5BD64FF90D}.Release|Mixed Platforms.ActiveCfg = Release|Any CPU
		{87F915D3-9641-4DE8-B418-CF5BD64FF90D}.Release|Mixed Platforms.Build.0 = Release|Any CPU
		{87F915D3-9641-4DE8-B418-CF5BD64FF90D}.Release|Win32.ActiveCfg = Release|Any CPU
		{87F915D3-9641-4DE8-B418-CF5BD64FF90D}.Release|x64.ActiveCfg = Release|Any CPU
		{87F915D3-9641-4DE8-B418-CF5BD64FF90D}.Release|x86.ActiveCfg = Release|Any CPU
		{0C22CD17-C781-4CF9-871D-9606AF72B56D}.Debug|Any CPU.ActiveCfg = Debug|Any CPU
		{0C22CD17-C781-4CF9-871D-9606AF72B56D}.Debug|Any CPU.Build.0 = Debug|Any CPU
		{0C22CD17-C781-4CF9-871D-9606AF72B56D}.Debug|Mixed Platforms.ActiveCfg = Debug|Any CPU
		{0C22CD17-C781-4CF9-871D-9606AF72B56D}.Debug|Win32.ActiveCfg = Debug|Any CPU
		{0C22CD17-C781-4CF9-871D-9606AF72B56D}.Debug|x64.ActiveCfg = Debug|Any CPU
		{0C22CD17-C781-4CF9-871D-9606AF72B56D}.Debug|x86.ActiveCfg = Debug|Any CPU
		{0C22CD17-C781-4CF9-871D-9606AF72B56D}.Release|Any CPU.ActiveCfg = Release|Any CPU
		{0C22CD17-C781-4CF9-871D-9606AF72B56D}.Release|Any CPU.Build.0 = Release|Any CPU
		{0C22CD17-C781-4CF9-871D-9606AF72B56D}.Release|Mixed Platforms.ActiveCfg = Release|Any CPU
		{0C22CD17-C781-4CF9-871D-9606AF72B56D}.Release|Mixed Platforms.Build.0 = Release|Any CPU
		{0C22CD17-C781-4CF9-871D-9606AF72B56D}.Release|Win32.ActiveCfg = Release|Any CPU
		{0C22CD17-C781-4CF9-871D-9606AF72B56D}.Release|x64.ActiveCfg = Release|Any CPU
		{0C22CD17-C781-4CF9-871D-9606AF72B56D}.Release|x86.ActiveCfg = Release|Any CPU
		{43E4BF39-09D9-4801-8C14-ABE32105C1C0}.Debug|Any CPU.ActiveCfg = Debug|Any CPU
		{43E4BF39-09D9-4801-8C14-ABE32105C1C0}.Debug|Mixed Platforms.ActiveCfg = Debug|Any CPU
		{43E4BF39-09D9-4801-8C14-ABE32105C1C0}.Debug|Mixed Platforms.Build.0 = Debug|Any CPU
		{43E4BF39-09D9-4801-8C14-ABE32105C1C0}.Debug|Win32.ActiveCfg = Debug|Any CPU
		{43E4BF39-09D9-4801-8C14-ABE32105C1C0}.Debug|x64.ActiveCfg = Debug|Any CPU
		{43E4BF39-09D9-4801-8C14-ABE32105C1C0}.Debug|x86.ActiveCfg = Debug|Any CPU
		{43E4BF39-09D9-4801-8C14-ABE32105C1C0}.Release|Any CPU.ActiveCfg = Release|Any CPU
		{43E4BF39-09D9-4801-8C14-ABE32105C1C0}.Release|Mixed Platforms.ActiveCfg = Release|Any CPU
		{43E4BF39-09D9-4801-8C14-ABE32105C1C0}.Release|Win32.ActiveCfg = Release|Any CPU
		{43E4BF39-09D9-4801-8C14-ABE32105C1C0}.Release|x64.ActiveCfg = Release|Any CPU
		{43E4BF39-09D9-4801-8C14-ABE32105C1C0}.Release|x86.ActiveCfg = Release|Any CPU
	EndGlobalSection
	GlobalSection(SolutionProperties) = preSolution
		HideSolutionNode = FALSE
	EndGlobalSection
EndGlobal
